PODS:
  - Nimble (8.0.8)
  - pop (1.0.12)
  - PopBounceButton (1.2.2):
    - pop (~> 1.0)
  - Quick (2.2.0)

DEPENDENCIES:
  - Nimble
  - PopBounceButton
  - Quick

SPEC REPOS:
  trunk:
    - Nimble
    - pop
    - PopBounceButton
    - Quick

SPEC CHECKSUMS:
  Nimble: 2da33c44adfde49552d4a6b3ef16039a45bf8dca
  pop: d582054913807fd11fd50bfe6a539d91c7e1a55a
  PopBounceButton: 34105a012678222f058f8d2621672724a3d5c9fb
  Quick: 7fb19e13be07b5dfb3b90d4f9824c855a11af40e

PODFILE CHECKSUM: d3a8eb819f6f9822abdd986296f48e0db5a61264

COCOAPODS: 1.9.1
